
Microsoft Visual Studio Solution File, Format Version 12.00
# Visual Studio Version 17
VisualStudioVersion = 17.8.34322.80
MinimumVisualStudioVersion = 10.0.40219.1
Project("{9A19103F-16F7-4668-BE54-9A1E7A4F7556}") = "Smart Lab API", "src\IO.Swagger\Smart Lab API.csproj", "{9E9EDC26-A24A-49B7-ABC3-FF7129A60776}"
EndProject
Global
	GlobalSection(SolutionConfigurationPlatforms) = preSolution
		Debug|Any CPU = Debug|Any CPU
		Release|Any CPU = Release|Any CPU
	EndGlobalSection
	GlobalSection(ProjectConfigurationPlatforms) = postSolution
		{9E9EDC26-A24A-49B7-ABC3-FF7129A60776}.Debug|Any CPU.ActiveCfg = Debug|Any CPU
		{9E9EDC26-A24A-49B7-ABC3-FF7129A60776}.Debug|Any CPU.Build.0 = Debug|Any CPU
		{9E9EDC26-A24A-49B7-ABC3-FF7129A60776}.Release|Any CPU.ActiveCfg = Release|Any CPU
		{9E9EDC26-A24A-49B7-ABC3-FF7129A60776}.Release|Any CPU.Build.0 = Release|Any CPU
	EndGlobalSection
	GlobalSection(SolutionProperties) = preSolution
		HideSolutionNode = FALSE
	EndGlobalSection
EndGlobal
